
Microsoft Visual Studio Solution File, Format Version 12.00
# Visual Studio Version 17
VisualStudioVersion = 17.8.34525.116
MinimumVisualStudioVersion = 10.0.40219.1
Project("{FAE04EC0-301F-11D3-BF4B-00C04F79EFBC}") = "RealEstate_Dapper_Api", "RealEstate_Dapper_Api\RealEstate_Dapper_Api.csproj", "{7D02610B-7257-44C9-BEAF-D88C227A1661}"
EndProject
Project("{FAE04EC0-301F-11D3-BF4B-00C04F79EFBC}") = "RealEstate_Dapper_UI", "RealEstate_Dapper_UI\RealEstate_Dapper_UI.csproj", "{60D4452E-B019-4F67-8238-2CEE88AAEA87}"
EndProject
Global
	GlobalSection(SolutionConfigurationPlatforms) = preSolution
		Debug|Any CPU = Debug|Any CPU
		Release|Any CPU = Release|Any CPU
	EndGlobalSection
	GlobalSection(ProjectConfigurationPlatforms) = postSolution
		{7D02610B-7257-44C9-BEAF-D88C227A1661}.Debug|Any CPU.ActiveCfg = Debug|Any CPU
		{7D02610B-7257-44C9-BEAF-D88C227A1661}.Debug|Any CPU.Build.0 = Debug|Any CPU
		{7D02610B-7257-44C9-BEAF-D88C227A1661}.Release|Any CPU.ActiveCfg = Release|Any CPU
		{7D02610B-7257-44C9-BEAF-D88C227A1661}.Release|Any CPU.Build.0 = Release|Any CPU
		{60D4452E-B019-4F67-8238-2CEE88AAEA87}.Debug|Any CPU.ActiveCfg = Debug|Any CPU
		{60D4452E-B019-4F67-8238-2CEE88AAEA87}.Debug|Any CPU.Build.0 = Debug|Any CPU
		{60D4452E-B019-4F67-8238-2CEE88AAEA87}.Release|Any CPU.ActiveCfg = Release|Any CPU
		{60D4452E-B019-4F67-8238-2CEE88AAEA87}.Release|Any CPU.Build.0 = Release|Any CPU
	EndGlobalSection
	GlobalSection(SolutionProperties) = preSolution
		HideSolutionNode = FALSE
	EndGlobalSection
	GlobalSection(ExtensibilityGlobals) = postSolution
		SolutionGuid = {4DDC7524-651F-45E9-945D-0362525AC1D4}
	EndGlobalSection
EndGlobal
